
Microsoft Visual Studio Solution File, Format Version 12.00
Project("{FAE04EC0-301F-11D3-BF4B-00C04F79EFBC}") = "DiscordBot", "DiscordBot\DiscordBot.csproj", "{06350C2B-91BE-4C37-8C3B-FC943F641631}"
EndProject
Global
	GlobalSection(SolutionConfigurationPlatforms) = preSolution
		Debug|Any CPU = Debug|Any CPU
		Release|Any CPU = Release|Any CPU
	EndGlobalSection
	GlobalSection(ProjectConfigurationPlatforms) = postSolution
		{06350C2B-91BE-4C37-8C3B-FC943F641631}.Debug|Any CPU.ActiveCfg = Debug|Any CPU
		{06350C2B-91BE-4C37-8C3B-FC943F641631}.Debug|Any CPU.Build.0 = Debug|Any CPU
		{06350C2B-91BE-4C37-8C3B-FC943F641631}.Release|Any CPU.ActiveCfg = Release|Any CPU
		{06350C2B-91BE-4C37-8C3B-FC943F641631}.Release|Any CPU.Build.0 = Release|Any CPU
	EndGlobalSection
EndGlobal
